
Microsoft Visual Studio Solution File, Format Version 12.00
# Visual Studio Version 18
VisualStudioVersion = 18.6.11819.183 stable
MinimumVisualStudioVersion = 10.0.40219.1
Project("{FAE04EC0-301F-11D3-BF4B-00C04F79EFBC}") = "CS_DemoOOP", "CS_DemoOOP.csproj", "{866BD014-5440-3BDA-F089-E084C979A5D4}"
EndProject
Global
	GlobalSection(SolutionConfigurationPlatforms) = preSolution
		Debug|Any CPU = Debug|Any CPU
		Release|Any CPU = Release|Any CPU
	EndGlobalSection
	GlobalSection(ProjectConfigurationPlatforms) = postSolution
		{866BD014-5440-3BDA-F089-E084C979A5D4}.Debug|Any CPU.ActiveCfg = Debug|Any CPU
		{866BD014-5440-3BDA-F089-E084C979A5D4}.Debug|Any CPU.Build.0 = Debug|Any CPU
		{866BD014-5440-3BDA-F089-E084C979A5D4}.Release|Any CPU.ActiveCfg = Release|Any CPU
		{866BD014-5440-3BDA-F089-E084C979A5D4}.Release|Any CPU.Build.0 = Release|Any CPU
	EndGlobalSection
	GlobalSection(SolutionProperties) = preSolution
		HideSolutionNode = FALSE
	EndGlobalSection
	GlobalSection(ExtensibilityGlobals) = postSolution
		SolutionGuid = {12AAC7F7-5479-4EEA-8C51-E4F9F5BE0E5D}
	EndGlobalSection
EndGlobal
